<?xml version="1.0" encoding="utf-8"?>
<Project ToolsVersion="4.0" xmlns="http://schemas.microsoft.com/developer/msbuild/2003">
  <ItemGroup>
    <ClCompile Include="src\ofApp.cpp">
      <Filter>src</Filter>
    </ClCompile>
    <ClCompile Include="src\main.cpp">
      <Filter>src</Filter>
    </ClCompile>
    <ClCompile Include="src\GameManager.cpp">
      <Filter>src</Filter>
    </ClCompile>
    <ClCompile Include="src\GamePlay.cpp">
      <Filter>src</Filter>
    </ClCompile>
    <ClCompile Include="src\Hero.cpp">
      <Filter>src</Filter>
    </ClCompile>
    <ClCompile Include="src\HUD.cpp">
      <Filter>src</Filter>
    </ClCompile>
    <ClCompile Include="src\Minion.cpp">
      <Filter>src</Filter>
    </ClCompile>
    <ClCompile Include="src\Tower.cpp">
      <Filter>src</Filter>
    </ClCompile>
    <ClCompile Include="src\Enemy.cpp" />
    <ClCompile Include="src\PewPew.cpp">
      <Filter>src</Filter>
    </ClCompile>
    <ClCompile Include="src\HealthBar.cpp" />
  </ItemGroup>
  <ItemGroup>
    <Filter Include="src">
      <UniqueIdentifier>{d8376475-7454-4a24-b08a-aac121d3ad6f}</UniqueIdentifier>
    </Filter>
    <Filter Include="addons">
      <UniqueIdentifier>{98e74d6b-9b29-4d93-9307-cd107b1cefa5}</UniqueIdentifier>
    </Filter>
  </ItemGroup>
  <ItemGroup>
    <ClInclude Include="src\ofApp.h">
      <Filter>src</Filter>
    </ClInclude>
    <ClInclude Include="src\GameManager.h">
      <Filter>src</Filter>
    </ClInclude>
    <ClInclude Include="src\GamePlay.h">
      <Filter>src</Filter>
    </ClInclude>
    <ClInclude Include="src\Hero.h">
      <Filter>src</Filter>
    </ClInclude>
    <ClInclude Include="src\HUD.h">
      <Filter>src</Filter>
    </ClInclude>
    <ClInclude Include="src\Minion.h">
      <Filter>src</Filter>
    </ClInclude>
    <ClInclude Include="src\Tower.h">
      <Filter>src</Filter>
    </ClInclude>
    <ClInclude Include="src\Enemy.h" />
    <ClInclude Include="src\PewPew.h">
      <Filter>src</Filter>
    </ClInclude>
    <ClInclude Include="src\HealthBar.h" />
  </ItemGroup>
  <ItemGroup>
    <ResourceCompile Include="icon.rc" />
  </ItemGroup>
</Project>